// !$*UTF8*$!
{
	archiveVersion = 1;
	classes = {
	};
	objectVersion = 50;
	objects = {

/* Begin PBXBuildFile section */
		21A046B129057DC500E7CBE9 /* AppDelegate.swift in Sources */ = {isa = PBXBuildFile; fileRef = 21A046B029057DC500E7CBE9 /* AppDelegate.swift */; };
		21A046B329057DC500E7CBE9 /* SceneDelegate.swift in Sources */ = {isa = PBXBuildFile; fileRef = 21A046B229057DC500E7CBE9 /* SceneDelegate.swift */; };
		21A046B529057DC500E7CBE9 /* ViewController.swift in Sources */ = {isa = PBXBuildFile; fileRef = 21A046B429057DC500E7CBE9 /* ViewController.swift */; };
		21A046B829057DC500E7CBE9 /* Main.storyboard in Resources */ = {isa = PBXBuildFile; fileRef = 21A046B629057DC500E7CBE9 /* Main.storyboard */; };
		21A046BA29057DC800E7CBE9 /* Assets.xcassets in Resources */ = {isa = PBXBuildFile; fileRef = 21A046B929057DC800E7CBE9 /* Assets.xcassets */; };
		21A046BD29057DC800E7CBE9 /* LaunchScreen.storyboard in Resources */ = {isa = PBXBuildFile; fileRef = 21A046BB29057DC800E7CBE9 /* LaunchScreen.storyboard */; };
		21A046C829057DC800E7CBE9 /* profileTests.swift in Sources */ = {isa = PBXBuildFile; fileRef = 21A046C729057DC800E7CBE9 /* profileTests.swift */; };
		21A046D329057DC800E7CBE9 /* profileUITests.swift in Sources */ = {isa = PBXBuildFile; fileRef = 21A046D229057DC800E7CBE9 /* profileUITests.swift */; };
/* End PBXBuildFile section */

/* Begin PBXContainerItemProxy section */
		21A046C429057DC800E7CBE9 /* PBXContainerItemProxy */ = {
			isa = PBXContainerItemProxy;
			containerPortal = 21A046A529057DC500E7CBE9 /* Project object */;
			proxyType = 1;
			remoteGlobalIDString = 21A046AC29057DC500E7CBE9;
			remoteInfo = profile;
		};
		21A046CF29057DC800E7CBE9 /* PBXContainerItemProxy */ = {
			isa = PBXContainerItemProxy;
			containerPortal = 21A046A529057DC500E7CBE9 /* Project object */;
			proxyType = 1;
			remoteGlobalIDString = 21A046AC29057DC500E7CBE9;
			remoteInfo = profile;
		};
/* End PBXContainerItemProxy section */

/* Begin PBXFileReference section */
		21A046AD29057DC500E7CBE9 /* profile.app */ = {isa = PBXFileReference; explicitFileType = wrapper.application; includeInIndex = 0; path = profile.app; sourceTree = BUILT_PRODUCTS_DIR; };
		21A046B029057DC500E7CBE9 /* AppDelegate.swift */ = {isa = PBXFileReference; lastKnownFileType = sourcecode.swift; path = AppDelegate.swift; sourceTree = "<group>"; };
		21A046B229057DC500E7CBE9 /* SceneDelegate.swift */ = {isa = PBXFileReference; lastKnownFileType = sourcecode.swift; path = SceneDelegate.swift; sourceTree = "<group>"; };
		21A046B429057DC500E7CBE9 /* ViewController.swift */ = {isa = PBXFileReference; lastKnownFileType = sourcecode.swift; path = ViewController.swift; sourceTree = "<group>"; };
		21A046B729057DC500E7CBE9 /* Base */ = {isa = PBXFileReference; lastKnownFileType = file.storyboard; name = Base; path = Base.lproj/Main.storyboard; sourceTree = "<group>"; };
		21A046B929057DC800E7CBE9 /* Assets.xcassets */ = {isa = PBXFileReference; lastKnownFileType = folder.assetcatalog; path = Assets.xcassets; sourceTree = "<group>"; };
		21A046BC29057DC800E7CBE9 /* Base */ = {isa = PBXFileReference; lastKnownFileType = file.storyboard; name = Base; path = Base.lproj/LaunchScreen.storyboard; sourceTree = "<group>"; };
		21A046BE29057DC800E7CBE9 /* Info.plist */ = {isa = PBXFileReference; lastKnownFileType = text.plist.xml; path = Info.plist; sourceTree = "<group>"; };
		21A046C329057DC800E7CBE9 /* profileTests.xctest */ = {isa = PBXFileReference; explicitFileType = wrapper.cfbundle; includeInIndex = 0; path = profileTests.xctest; sourceTree = BUILT_PRODUCTS_DIR; };
		21A046C729057DC800E7CBE9 /* profileTests.swift */ = {isa = PBXFileReference; lastKnownFileType = sourcecode.swift; path = profileTests.swift; sourceTree = "<group>"; };
		21A046C929057DC800E7CBE9 /* Info.plist */ = {isa = PBXFileReference; lastKnownFileType = text.plist.xml; path = Info.plist; sourceTree = "<group>"; };
		21A046CE29057DC800E7CBE9 /* profileUITests.xctest */ = {isa = PBXFileReference; explicitFileType = wrapper.cfbundle; includeInIndex = 0; path = profileUITests.xctest; sourceTree = BUILT_PRODUCTS_DIR; };
		21A046D229057DC800E7CBE9 /* profileUITests.swift */ = {isa = PBXFileReference; lastKnownFileType = sourcecode.swift; path = profileUITests.swift; sourceTree = "<group>"; };
		21A046D429057DC800E7CBE9 /* Info.plist */ = {isa = PBXFileReference; lastKnownFileType = text.plist.xml; path = Info.plist; sourceTree = "<group>"; };
/* End PBXFileReference section */

/* Begin PBXFrameworksBuildPhase section */
		21A046AA29057DC500E7CBE9 /* Frameworks */ = {
			isa = PBXFrameworksBuildPhase;
			buildActionMask = 2147483647;
			files = (
			);
			runOnlyForDeploymentPostprocessing = 0;
		};
		21A046C029057DC800E7CBE9 /* Frameworks */ = {
			isa = PBXFrameworksBuildPhase;
			buildActionMask = 2147483647;
			files = (
			);
			runOnlyForDeploymentPostprocessing = 0;
		};
		21A046CB29057DC800E7CBE9 /* Frameworks */ = {
			isa = PBXFrameworksBuildPhase;
			buildActionMask = 2147483647;
			files = (
			);
			runOnlyForDeploymentPostprocessing = 0;
		};
/* End PBXFrameworksBuildPhase section */

/* Begin PBXGroup section */
		21A046A429057DC500E7CBE9 = {
			isa = PBXGroup;
			children = (
				21A046AF29057DC500E7CBE9 /* profile */,
				21A046C629057DC800E7CBE9 /* profileTests */,
				21A046D129057DC800E7CBE9 /* profileUITests */,
				21A046AE29057DC500E7CBE9 /* Products */,
			);
			sourceTree = "<group>";
		};
		21A046AE29057DC500E7CBE9 /* Products */ = {
			isa = PBXGroup;
			children = (
				21A046AD29057DC500E7CBE9 /* profile.app */,
				21A046C329057DC800E7CBE9 /* profileTests.xctest */,
				21A046CE29057DC800E7CBE9 /* profileUITests.xctest */,
			);
			name = Products;
			sourceTree = "<group>";
		};
		21A046AF29057DC500E7CBE9 /* profile */ = {
			isa = PBXGroup;
			children = (
				21A046B029057DC500E7CBE9 /* AppDelegate.swift */,
				21A046B229057DC500E7CBE9 /* SceneDelegate.swift */,
				21A046B429057DC500E7CBE9 /* ViewController.swift */,
				21A046B629057DC500E7CBE9 /* Main.storyboard */,
				21A046B929057DC800E7CBE9 /* Assets.xcassets */,
				21A046BB29057DC800E7CBE9 /* LaunchScreen.storyboard */,
				21A046BE29057DC800E7CBE9 /* Info.plist */,
			);
			path = profile;
			sourceTree = "<group>";
		};
		21A046C629057DC800E7CBE9 /* profileTests */ = {
			isa = PBXGroup;
			children = (
				21A046C729057DC800E7CBE9 /* profileTests.swift */,
				21A046C929057DC800E7CBE9 /* Info.plist */,
			);
			path = profileTests;
			sourceTree = "<group>";
		};
		21A046D129057DC800E7CBE9 /* profileUITests */ = {
			isa = PBXGroup;
			children = (
				21A046D229057DC800E7CBE9 /* profileUITests.swift */,
				21A046D429057DC800E7CBE9 /* Info.plist */,
			);
			path = profileUITests;
			sourceTree = "<group>";
		};
/* End PBXGroup section */

/* Begin PBXNativeTarget section */
		21A046AC29057DC500E7CBE9 /* profile */ = {
			isa = PBXNativeTarget;
			buildConfigurationList = 21A046D729057DC800E7CBE9 /* Build configuration list for PBXNativeTarget "profile" */;
			buildPhases = (
				21A046A929057DC500E7CBE9 /* Sources */,
				21A046AA29057DC500E7CBE9 /* Frameworks */,
				21A046AB29057DC500E7CBE9 /* Resources */,
			);
			buildRules = (
			);
			dependencies = (
			);
			name = profile;
			productName = profile;
			productReference = 21A046AD29057DC500E7CBE9 /* profile.app */;
			productType = "com.apple.product-type.application";
		};
		21A046C229057DC800E7CBE9 /* profileTests */ = {
			isa = PBXNativeTarget;
			buildConfigurationList = 21A046DA29057DC800E7CBE9 /* Build configuration list for PBXNativeTarget "profileTests" */;
			buildPhases = (
				21A046BF29057DC800E7CBE9 /* Sources */,
				21A046C029057DC800E7CBE9 /* Frameworks */,
				21A046C129057DC800E7CBE9 /* Resources */,
			);
			buildRules = (
			);
			dependencies = (
				21A046C529057DC800E7CBE9 /* PBXTargetDependency */,
			);
			name = profileTests;
			productName = profileTests;
			productReference = 21A046C329057DC800E7CBE9 /* profileTests.xctest */;
			productType = "com.apple.product-type.bundle.unit-test";
		};
		21A046CD29057DC800E7CBE9 /* profileUITests */ = {
			isa = PBXNativeTarget;
			buildConfigurationList = 21A046DD29057DC800E7CBE9 /* Build configuration list for PBXNativeTarget "profileUITests" */;
			buildPhases = (
				21A046CA29057DC800E7CBE9 /* Sources */,
				21A046CB29057DC800E7CBE9 /* Frameworks */,
				21A046CC29057DC800E7CBE9 /* Resources */,
			);
			buildRules = (
			);
			dependencies = (
				21A046D029057DC800E7CBE9 /* PBXTargetDependency */,
			);
			name = profileUITests;
			productName = profileUITests;
			productReference = 21A046CE29057DC800E7CBE9 /* profileUITests.xctest */;
			productType = "com.apple.product-type.bundle.ui-testing";
		};
/* End PBXNativeTarget section */

/* Begin PBXProject section */
		21A046A529057DC500E7CBE9 /* Project object */ = {
			isa = PBXProject;
			attributes = {
				LastSwiftUpdateCheck = 1240;
				LastUpgradeCheck = 1240;
				TargetAttributes = {
					21A046AC29057DC500E7CBE9 = {
						CreatedOnToolsVersion = 12.4;
					};
					21A046C229057DC800E7CBE9 = {
						CreatedOnToolsVersion = 12.4;
						TestTargetID = 21A046AC29057DC500E7CBE9;
					};
					21A046CD29057DC800E7CBE9 = {
						CreatedOnToolsVersion = 12.4;
						TestTargetID = 21A046AC29057DC500E7CBE9;
					};
				};
			};
			buildConfigurationList = 21A046A829057DC500E7CBE9 /* Build configuration list for PBXProject "profile" */;
			compatibilityVersion = "Xcode 9.3";
			developmentRegion = en;
			hasScannedForEncodings = 0;
			knownRegions = (
				en,
				Base,
			);
			mainGroup = 21A046A429057DC500E7CBE9;
			productRefGroup = 21A046AE29057DC500E7CBE9 /* Products */;
			projectDirPath = "";
			projectRoot = "";
			targets = (
				21A046AC29057DC500E7CBE9 /* profile */,
				21A046C229057DC800E7CBE9 /* profileTests */,
				21A046CD29057DC800E7CBE9 /* profileUITests */,
			);
		};
/* End PBXProject section */

/* Begin PBXResourcesBuildPhase section */
		21A046AB29057DC500E7CBE9 /* Resources */ = {
			isa = PBXResourcesBuildPhase;
			buildActionMask = 2147483647;
			files = (
				21A046BD29057DC800E7CBE9 /* LaunchScreen.storyboard in Resources */,
				21A046BA29057DC800E7CBE9 /* Assets.xcassets in Resources */,
				21A046B829057DC500E7CBE9 /* Main.storyboard in Resources */,
			);
			runOnlyForDeploymentPostprocessing = 0;
		};
		21A046C129057DC800E7CBE9 /* Resources */ = {
			isa = PBXResourcesBuildPhase;
			buildActionMask = 2147483647;
			files = (
			);
			runOnlyForDeploymentPostprocessing = 0;
		};
		21A046CC29057DC800E7CBE9 /* Resources */ = {
			isa = PBXResourcesBuildPhase;
			buildActionMask = 2147483647;
			files = (
			);
			runOnlyForDeploymentPostprocessing = 0;
		};
/* End PBXResourcesBuildPhase section */

/* Begin PBXSourcesBuildPhase section */
		21A046A929057DC500E7CBE9 /* Sources */ = {
			isa = PBXSourcesBuildPhase;
			buildActionMask = 2147483647;
			files = (
				21A046B529057DC500E7CBE9 /* ViewController.swift in Sources */,
				21A046B129057DC500E7CBE9 /* AppDelegate.swift in Sources */,
				21A046B329057DC500E7CBE9 /* SceneDelegate.swift in Sources */,
			);
			runOnlyForDeploymentPostprocessing = 0;
		};
		21A046BF29057DC800E7CBE9 /* Sources */ = {
			isa = PBXSourcesBuildPhase;
			buildActionMask = 2147483647;
			files = (
				21A046C829057DC800E7CBE9 /* profileTests.swift in Sources */,
			);
			runOnlyForDeploymentPostprocessing = 0;
		};
		21A046CA29057DC800E7CBE9 /* Sources */ = {
			isa = PBXSourcesBuildPhase;
			buildActionMask = 2147483647;
			files = (
				21A046D329057DC800E7CBE9 /* profileUITests.swift in Sources */,
			);
			runOnlyForDeploymentPostprocessing = 0;
		};
/* End PBXSourcesBuildPhase section */

/* Begin PBXTargetDependency section */
		21A046C529057DC800E7CBE9 /* PBXTargetDependency */ = {
			isa = PBXTargetDependency;
			target = 21A046AC29057DC500E7CBE9 /* profile */;
			targetProxy = 21A046C429057DC800E7CBE9 /* PBXContainerItemProxy */;
		};
		21A046D029057DC800E7CBE9 /* PBXTargetDependency */ = {
			isa = PBXTargetDependency;
			target = 21A046AC29057DC500E7CBE9 /* profile */;
			targetProxy = 21A046CF29057DC800E7CBE9 /* PBXContainerItemProxy */;
		};
/* End PBXTargetDependency section */

/* Begin PBXVariantGroup section */
		21A046B629057DC500E7CBE9 /* Main.storyboard */ = {
			isa = PBXVariantGroup;
			children = (
				21A046B729057DC500E7CBE9 /* Base */,
			);
			name = Main.storyboard;
			sourceTree = "<group>";
		};
		21A046BB29057DC800E7CBE9 /* LaunchScreen.storyboard */ = {
			isa = PBXVariantGroup;
			children = (
				21A046BC29057DC800E7CBE9 /* Base */,
			);
			name = LaunchScreen.storyboard;
			sourceTree = "<group>";
		};
/* End PBXVariantGroup section */

/* Begin XCBuildConfiguration section */
		21A046D529057DC800E7CBE9 /* Debug */ = {
			isa = XCBuildConfiguration;
			buildSettings = {
				ALWAYS_SEARCH_USER_PATHS = NO;
				CLANG_ANALYZER_NONNULL = YES;
				CLANG_ANALYZER_NUMBER_OBJECT_CONVERSION = YES_AGGRESSIVE;
				CLANG_CXX_LANGUAGE_STANDARD = "gnu++14";
				CLANG_CXX_LIBRARY = "libc++";
				CLANG_ENABLE_MODULES = YES;
				CLANG_ENABLE_OBJC_ARC = YES;
				CLANG_ENABLE_OBJC_WEAK = YES;
				CLANG_WARN_BLOCK_CAPTURE_AUTORELEASING = YES;
				CLANG_WARN_BOOL_CONVERSION = YES;
				CLANG_WARN_COMMA = YES;
				CLANG_WARN_CONSTANT_CONVERSION = YES;
				CLANG_WARN_DEPRECATED_OBJC_IMPLEMENTATIONS = YES;
				CLANG_WARN_DIRECT_OBJC_ISA_USAGE = YES_ERROR;
				CLANG_WARN_DOCUMENTATION_COMMENTS = YES;
				CLANG_WARN_EMPTY_BODY = YES;
				CLANG_WARN_ENUM_CONVERSION = YES;
				CLANG_WARN_INFINITE_RECURSION = YES;
				CLANG_WARN_INT_CONVERSION = YES;
				CLANG_WARN_NON_LITERAL_NULL_CONVERSION = YES;
				CLANG_WARN_OBJC_IMPLICIT_RETAIN_SELF = YES;
				CLANG_WARN_OBJC_LITERAL_CONVERSION = YES;
				CLANG_WARN_OBJC_ROOT_CLASS = YES_ERROR;
				CLANG_WARN_QUOTED_INCLUDE_IN_FRAMEWORK_HEADER = YES;
				CLANG_WARN_RANGE_LOOP_ANALYSIS = YES;
				CLANG_WARN_STRICT_PROTOTYPES = YES;
				CLANG_WARN_SUSPICIOUS_MOVE = YES;
				CLANG_WARN_UNGUARDED_AVAILABILITY = YES_AGGRESSIVE;
				CLANG_WARN_UNREACHABLE_CODE = YES;
				CLANG_WARN__DUPLICATE_METHOD_MATCH = YES;
				COPY_PHASE_STRIP = NO;
				DEBUG_INFORMATION_FORMAT = dwarf;
				ENABLE_STRICT_OBJC_MSGSEND = YES;
				ENABLE_TESTABILITY = YES;
				GCC_C_LANGUAGE_STANDARD = gnu11;
				GCC_DYNAMIC_NO_PIC = NO;
				GCC_NO_COMMON_BLOCKS = YES;
				GCC_OPTIMIZATION_LEVEL = 0;
				GCC_PREPROCESSOR_DEFINITIONS = (
					"DEBUG=1",
					"$(inherited)",
				);
				GCC_WARN_64_TO_32_BIT_CONVERSION = YES;
				GCC_WARN_ABOUT_RETURN_TYPE = YES_ERROR;
				GCC_WARN_UNDECLARED_SELECTOR = YES;
				GCC_WARN_UNINITIALIZED_AUTOS = YES_AGGRESSIVE;
				GCC_WARN_UNUSED_FUNCTION = YES;
				GCC_WARN_UNUSED_VARIABLE = YES;
				IPHONEOS_DEPLOYMENT_TARGET = 14.4;
				MTL_ENABLE_DEBUG_INFO = INCLUDE_SOURCE;
				MTL_FAST_MATH = YES;
				ONLY_ACTIVE_ARCH = YES;
				SDKROOT = iphoneos;
				SWIFT_ACTIVE_COMPILATION_CONDITIONS = DEBUG;
				SWIFT_OPTIMIZATION_LEVEL = "-Onone";
			};
			name = Debug;
		};
		21A046D629057DC800E7CBE9 /* Release */ = {
			isa = XCBuildConfiguration;
			buildSettings = {
				ALWAYS_SEARCH_USER_PATHS = NO;
				CLANG_ANALYZER_NONNULL = YES;
				CLANG_ANALYZER_NUMBER_OBJECT_CONVERSION = YES_AGGRESSIVE;
				CLANG_CXX_LANGUAGE_STANDARD = "gnu++14";
				CLANG_CXX_LIBRARY = "libc++";
				CLANG_ENABLE_MODULES = YES;
				CLANG_ENABLE_OBJC_ARC = YES;
				CLANG_ENABLE_OBJC_WEAK = YES;
				CLANG_WARN_BLOCK_CAPTURE_AUTORELEASING = YES;
				CLANG_WARN_BOOL_CONVERSION = YES;
				CLANG_WARN_COMMA = YES;
				CLANG_WARN_CONSTANT_CONVERSION = YES;
				CLANG_WARN_DEPRECATED_OBJC_IMPLEMENTATIONS = YES;
				CLANG_WARN_DIRECT_OBJC_ISA_USAGE = YES_ERROR;
				CLANG_WARN_DOCUMENTATION_COMMENTS = YES;
				CLANG_WARN_EMPTY_BODY = YES;
				CLANG_WARN_ENUM_CONVERSION = YES;
				CLANG_WARN_INFINITE_RECURSION = YES;
				CLANG_WARN_INT_CONVERSION = YES;
				CLANG_WARN_NON_LITERAL_NULL_CONVERSION = YES;
				CLANG_WARN_OBJC_IMPLICIT_RETAIN_SELF = YES;
				CLANG_WARN_OBJC_LITERAL_CONVERSION = YES;
				CLANG_WARN_OBJC_ROOT_CLASS = YES_ERROR;
				CLANG_WARN_QUOTED_INCLUDE_IN_FRAMEWORK_HEADER = YES;
				CLANG_WARN_RANGE_LOOP_ANALYSIS = YES;
				CLANG_WARN_STRICT_PROTOTYPES = YES;
				CLANG_WARN_SUSPICIOUS_MOVE = YES;
				CLANG_WARN_UNGUARDED_AVAILABILITY = YES_AGGRESSIVE;
				CLANG_WARN_UNREACHABLE_CODE = YES;
				CLANG_WARN__DUPLICATE_METHOD_MATCH = YES;
				COPY_PHASE_STRIP = NO;
				DEBUG_INFORMATION_FORMAT = "dwarf-with-dsym";
				ENABLE_NS_ASSERTIONS = NO;
				ENABLE_STRICT_OBJC_MSGSEND = YES;
				GCC_C_LANGUAGE_STANDARD = gnu11;
				GCC_NO_COMMON_BLOCKS = YES;
				GCC_WARN_64_TO_32_BIT_CONVERSION = YES;
				GCC_WARN_ABOUT_RETURN_TYPE = YES_ERROR;
				GCC_WARN_UNDECLARED_SELECTOR = YES;
				GCC_WARN_UNINITIALIZED_AUTOS = YES_AGGRESSIVE;
				GCC_WARN_UNUSED_FUNCTION = YES;
				GCC_WARN_UNUSED_VARIABLE = YES;
				IPHONEOS_DEPLOYMENT_TARGET = 14.4;
				MTL_ENABLE_DEBUG_INFO = NO;
				MTL_FAST_MATH = YES;
				SDKROOT = iphoneos;
				SWIFT_COMPILATION_MODE = wholemodule;
				SWIFT_OPTIMIZATION_LEVEL = "-O";
				VALIDATE_PRODUCT = YES;
			};
			name = Release;
		};
		21A046D829057DC800E7CBE9 /* Debug */ = {
			isa = XCBuildConfiguration;
			buildSettings = {
				ASSETCATALOG_COMPILER_APPICON_NAME = AppIcon;
				ASSETCATALOG_COMPILER_GLOBAL_ACCENT_COLOR_NAME = AccentColor;
				CODE_SIGN_STYLE = Automatic;
				INFOPLIST_FILE = profile/Info.plist;
				LD_RUNPATH_SEARCH_PATHS = (
					"$(inherited)",
					"@executable_path/Frameworks",
				);
				PRODUCT_BUNDLE_IDENTIFIER = cpp.profile;
				PRODUCT_NAME = "$(TARGET_NAME)";
				SWIFT_VERSION = 5.0;
				TARGETED_DEVICE_FAMILY = "1,2";
			};
			name = Debug;
		};
		21A046D929057DC800E7CBE9 /* Release */ = {
			isa = XCBuildConfiguration;
			buildSettings = {
				ASSETCATALOG_COMPILER_APPICON_NAME = AppIcon;
				ASSETCATALOG_COMPILER_GLOBAL_ACCENT_COLOR_NAME = AccentColor;
				CODE_SIGN_STYLE = Automatic;
				INFOPLIST_FILE = profile/Info.plist;
				LD_RUNPATH_SEARCH_PATHS = (
					"$(inherited)",
					"@executable_path/Frameworks",
				);
				PRODUCT_BUNDLE_IDENTIFIER = cpp.profile;
				PRODUCT_NAME = "$(TARGET_NAME)";
				SWIFT_VERSION = 5.0;
				TARGETED_DEVICE_FAMILY = "1,2";
			};
			name = Release;
		};
		21A046DB29057DC800E7CBE9 /* Debug */ = {
			isa = XCBuildConfiguration;
			buildSettings = {
				ALWAYS_EMBED_SWIFT_STANDARD_LIBRARIES = YES;
				BUNDLE_LOADER = "$(TEST_HOST)";
				CODE_SIGN_STYLE = Automatic;
				INFOPLIST_FILE = profileTests/Info.plist;
				IPHONEOS_DEPLOYMENT_TARGET = 14.4;
				LD_RUNPATH_SEARCH_PATHS = (
					"$(inherited)",
					"@executable_path/Frameworks",
					"@loader_path/Frameworks",
				);
				PRODUCT_BUNDLE_IDENTIFIER = cpp.profileTests;
				PRODUCT_NAME = "$(TARGET_NAME)";
				SWIFT_VERSION = 5.0;
				TARGETED_DEVICE_FAMILY = "1,2";
				TEST_HOST = "$(BUILT_PRODUCTS_DIR)/profile.app/profile";
			};
			name = Debug;
		};
		21A046DC29057DC800E7CBE9 /* Release */ = {
			isa = XCBuildConfiguration;
			buildSettings = {
				ALWAYS_EMBED_SWIFT_STANDARD_LIBRARIES = YES;
				BUNDLE_LOADER = "$(TEST_HOST)";
				CODE_SIGN_STYLE = Automatic;
				INFOPLIST_FILE = profileTests/Info.plist;
				IPHONEOS_DEPLOYMENT_TARGET = 14.4;
				LD_RUNPATH_SEARCH_PATHS = (
					"$(inherited)",
					"@executable_path/Frameworks",
					"@loader_path/Frameworks",
				);
				PRODUCT_BUNDLE_IDENTIFIER = cpp.profileTests;
				PRODUCT_NAME = "$(TARGET_NAME)";
				SWIFT_VERSION = 5.0;
				TARGETED_DEVICE_FAMILY = "1,2";
				TEST_HOST = "$(BUILT_PRODUCTS_DIR)/profile.app/profile";
			};
			name = Release;
		};
		21A046DE29057DC800E7CBE9 /* Debug */ = {
			isa = XCBuildConfiguration;
			buildSettings = {
				ALWAYS_EMBED_SWIFT_STANDARD_LIBRARIES = YES;
				CODE_SIGN_STYLE = Automatic;
				INFOPLIST_FILE = profileUITests/Info.plist;
				LD_RUNPATH_SEARCH_PATHS = (
					"$(inherited)",
					"@executable_path/Frameworks",
					"@loader_path/Frameworks",
				);
				PRODUCT_BUNDLE_IDENTIFIER = cpp.profileUITests;
				PRODUCT_NAME = "$(TARGET_NAME)";
				SWIFT_VERSION = 5.0;
				TARGETED_DEVICE_FAMILY = "1,2";
				TEST_TARGET_NAME = profile;
			};
			name = Debug;
		};
		21A046DF29057DC800E7CBE9 /* Release */ = {
			isa = XCBuildConfiguration;
			buildSettings = {
				ALWAYS_EMBED_SWIFT_STANDARD_LIBRARIES = YES;
				CODE_SIGN_STYLE = Automatic;
				INFOPLIST_FILE = profileUITests/Info.plist;
				LD_RUNPATH_SEARCH_PATHS = (
					"$(inherited)",
					"@executable_path/Frameworks",
					"@loader_path/Frameworks",
				);
				PRODUCT_BUNDLE_IDENTIFIER = cpp.profileUITests;
				PRODUCT_NAME = "$(TARGET_NAME)";
				SWIFT_VERSION = 5.0;
				TARGETED_DEVICE_FAMILY = "1,2";
				TEST_TARGET_NAME = profile;
			};
			name = Release;
		};
/* End XCBuildConfiguration section */

/* Begin XCConfigurationList section */
		21A046A829057DC500E7CBE9 /* Build configuration list for PBXProject "profile" */ = {
			isa = XCConfigurationList;
			buildConfigurations = (
				21A046D529057DC800E7CBE9 /* Debug */,
				21A046D629057DC800E7CBE9 /* Release */,
			);
			defaultConfigurationIsVisible = 0;
			defaultConfigurationName = Release;
		};
		21A046D729057DC800E7CBE9 /* Build configuration list for PBXNativeTarget "profile" */ = {
			isa = XCConfigurationList;
			buildConfigurations = (
				21A046D829057DC800E7CBE9 /* Debug */,
				21A046D929057DC800E7CBE9 /* Release */,
			);
			defaultConfigurationIsVisible = 0;
			defaultConfigurationName = Release;
		};
		21A046DA29057DC800E7CBE9 /* Build configuration list for PBXNativeTarget "profileTests" */ = {
			isa = XCConfigurationList;
			buildConfigurations = (
				21A046DB29057DC800E7CBE9 /* Debug */,
				21A046DC29057DC800E7CBE9 /* Release */,
			);
			defaultConfigurationIsVisible = 0;
			defaultConfigurationName = Release;
		};
		21A046DD29057DC800E7CBE9 /* Build configuration list for PBXNativeTarget "profileUITests" */ = {
			isa = XCConfigurationList;
			buildConfigurations = (
				21A046DE29057DC800E7CBE9 /* Debug */,
				21A046DF29057DC800E7CBE9 /* Release */,
			);
			defaultConfigurationIsVisible = 0;
			defaultConfigurationName = Release;
		};
/* End XCConfigurationList section */
	};
	rootObject = 21A046A529057DC500E7CBE9 /* Project object */;
}
